
Microsoft Visual Studio Solution File, Format Version 12.00
# Visual Studio 14
VisualStudioVersion = 14.0.25420.1
MinimumVisualStudioVersion = 10.0.40219.1
Project("{2150E333-8FDC-42A3-9474-1A3956D46DE8}") = "src", "src", "{A55A13F5-E73D-4F32-8088-5E1AC0496C08}"
EndProject
Project("{2150E333-8FDC-42A3-9474-1A3956D46DE8}") = "Solution Items", "Solution Items", "{9BE97822-F077-4EA3-8BDC-FBF36DF648F3}"
	ProjectSection(SolutionItems) = preProject
		global.json = global.json
	EndProjectSection
EndProject
Project("{8BB2217D-0F2D-49D1-97BC-3654ED321F3B}") = "StudentManagement", "src\StudentManagement\StudentManagement.xproj", "{89DEC9A1-ECEF-466D-AC89-51C5A545FA2F}"
EndProject
Global
	GlobalSection(SolutionConfigurationPlatforms) = preSolution
		Debug|Any CPU = Debug|Any CPU
		Release|Any CPU = Release|Any CPU
	EndGlobalSection
	GlobalSection(ProjectConfigurationPlatforms) = postSolution
		{89DEC9A1-ECEF-466D-AC89-51C5A545FA2F}.Debug|Any CPU.ActiveCfg = Debug|Any CPU
		{89DEC9A1-ECEF-466D-AC89-51C5A545FA2F}.Debug|Any CPU.Build.0 = Debug|Any CPU
		{89DEC9A1-ECEF-466D-AC89-51C5A545FA2F}.Release|Any CPU.ActiveCfg = Release|Any CPU
		{89DEC9A1-ECEF-466D-AC89-51C5A545FA2F}.Release|Any CPU.Build.0 = Release|Any CPU
	EndGlobalSection
	GlobalSection(SolutionProperties) = preSolution
		HideSolutionNode = FALSE
	EndGlobalSection
	GlobalSection(NestedProjects) = preSolution
		{89DEC9A1-ECEF-466D-AC89-51C5A545FA2F} = {A55A13F5-E73D-4F32-8088-5E1AC0496C08}
	EndGlobalSection
EndGlobal
